
Microsoft Visual Studio Solution File, Format Version 12.00
# Visual Studio 15
VisualStudioVersion = 15.0.27130.2010
MinimumVisualStudioVersion = 10.0.40219.1
Project("{2150E333-8FDC-42A3-9474-1A3956D46DE8}") = "0-References", "0-References", "{B2A0F097-2C82-4CFD-9790-C9D917661AE8}"
EndProject
Project("{2150E333-8FDC-42A3-9474-1A3956D46DE8}") = "1-Foundation", "1-Foundation", "{69622A1E-6B8B-4427-9E69-9B18416DE85C}"
EndProject
Project("{2150E333-8FDC-42A3-9474-1A3956D46DE8}") = "9-Extensions", "9-Extensions", "{5E2732EE-AD2A-4C99-A92F-C00DE0D49044}"
EndProject
Project("{9A19103F-16F7-4668-BE54-9A1E7A4F7556}") = "Lever", "1-Foundation\Lever\Lever.csproj", "{F94D4199-7B83-45AA-B744-3F151FC77453}"
EndProject
Project("{FAE04EC0-301F-11D3-BF4B-00C04F79EFBC}") = "Lever.VisualStudioExtensions", "9-Extensions\Lever.VisualStudioExtensions\Lever.VisualStudioExtensions.csproj", "{0F3DD5AA-3226-4A56-8EA9-7DB4766E3991}"
EndProject
Project("{2150E333-8FDC-42A3-9474-1A3956D46DE8}") = "ItemTemplates", "ItemTemplates", "{7B48A080-ABAD-43EF-8BB5-5324273CDF9C}"
EndProject
Project("{FAE04EC0-301F-11D3-BF4B-00C04F79EFBC}") = "LanguagesExcel", "9-Extensions\ItemTemplates\LanguagesExcel\LanguagesExcel.csproj", "{991465D5-3DF0-46AA-BC2D-4A307D6DA754}"
EndProject
Project("{FAE04EC0-301F-11D3-BF4B-00C04F79EFBC}") = "SingletonClass", "9-Extensions\ItemTemplates\SingletonClass\SingletonClass.csproj", "{71E91087-C176-4A54-8D51-6C3B4F420F86}"
EndProject
Project("{FAE04EC0-301F-11D3-BF4B-00C04F79EFBC}") = "TestDataExcel", "9-Extensions\ItemTemplates\TestDataExcel\TestDataExcel.csproj", "{B7687B3F-7934-4AAB-A46D-E4005763C9F6}"
EndProject
Global
	GlobalSection(SolutionConfigurationPlatforms) = preSolution
		Debug|Any CPU = Debug|Any CPU
		Release|Any CPU = Release|Any CPU
	EndGlobalSection
	GlobalSection(ProjectConfigurationPlatforms) = postSolution
		{F94D4199-7B83-45AA-B744-3F151FC77453}.Debug|Any CPU.ActiveCfg = Debug|Any CPU
		{F94D4199-7B83-45AA-B744-3F151FC77453}.Debug|Any CPU.Build.0 = Debug|Any CPU
		{F94D4199-7B83-45AA-B744-3F151FC77453}.Release|Any CPU.ActiveCfg = Release|Any CPU
		{F94D4199-7B83-45AA-B744-3F151FC77453}.Release|Any CPU.Build.0 = Release|Any CPU
		{0F3DD5AA-3226-4A56-8EA9-7DB4766E3991}.Debug|Any CPU.ActiveCfg = Debug|Any CPU
		{0F3DD5AA-3226-4A56-8EA9-7DB4766E3991}.Debug|Any CPU.Build.0 = Debug|Any CPU
		{0F3DD5AA-3226-4A56-8EA9-7DB4766E3991}.Release|Any CPU.ActiveCfg = Release|Any CPU
		{0F3DD5AA-3226-4A56-8EA9-7DB4766E3991}.Release|Any CPU.Build.0 = Release|Any CPU
		{991465D5-3DF0-46AA-BC2D-4A307D6DA754}.Debug|Any CPU.ActiveCfg = Debug|Any CPU
		{991465D5-3DF0-46AA-BC2D-4A307D6DA754}.Debug|Any CPU.Build.0 = Debug|Any CPU
		{991465D5-3DF0-46AA-BC2D-4A307D6DA754}.Release|Any CPU.ActiveCfg = Release|Any CPU
		{991465D5-3DF0-46AA-BC2D-4A307D6DA754}.Release|Any CPU.Build.0 = Release|Any CPU
		{71E91087-C176-4A54-8D51-6C3B4F420F86}.Debug|Any CPU.ActiveCfg = Debug|Any CPU
		{71E91087-C176-4A54-8D51-6C3B4F420F86}.Debug|Any CPU.Build.0 = Debug|Any CPU
		{71E91087-C176-4A54-8D51-6C3B4F420F86}.Release|Any CPU.ActiveCfg = Release|Any CPU
		{71E91087-C176-4A54-8D51-6C3B4F420F86}.Release|Any CPU.Build.0 = Release|Any CPU
		{B7687B3F-7934-4AAB-A46D-E4005763C9F6}.Debug|Any CPU.ActiveCfg = Debug|Any CPU
		{B7687B3F-7934-4AAB-A46D-E4005763C9F6}.Debug|Any CPU.Build.0 = Debug|Any CPU
		{B7687B3F-7934-4AAB-A46D-E4005763C9F6}.Release|Any CPU.ActiveCfg = Release|Any CPU
		{B7687B3F-7934-4AAB-A46D-E4005763C9F6}.Release|Any CPU.Build.0 = Release|Any CPU
	EndGlobalSection
	GlobalSection(SolutionProperties) = preSolution
		HideSolutionNode = FALSE
	EndGlobalSection
	GlobalSection(NestedProjects) = preSolution
		{F94D4199-7B83-45AA-B744-3F151FC77453} = {69622A1E-6B8B-4427-9E69-9B18416DE85C}
		{0F3DD5AA-3226-4A56-8EA9-7DB4766E3991} = {5E2732EE-AD2A-4C99-A92F-C00DE0D49044}
		{7B48A080-ABAD-43EF-8BB5-5324273CDF9C} = {5E2732EE-AD2A-4C99-A92F-C00DE0D49044}
		{991465D5-3DF0-46AA-BC2D-4A307D6DA754} = {7B48A080-ABAD-43EF-8BB5-5324273CDF9C}
		{71E91087-C176-4A54-8D51-6C3B4F420F86} = {7B48A080-ABAD-43EF-8BB5-5324273CDF9C}
		{B7687B3F-7934-4AAB-A46D-E4005763C9F6} = {7B48A080-ABAD-43EF-8BB5-5324273CDF9C}
	EndGlobalSection
	GlobalSection(ExtensibilityGlobals) = postSolution
		SolutionGuid = {11A517FE-3D4E-446F-946E-D35301B721BA}
	EndGlobalSection
EndGlobal
