
Microsoft Visual Studio Solution File, Format Version 12.00
# Visual Studio 15
VisualStudioVersion = 15.0.27130.2020
MinimumVisualStudioVersion = 10.0.40219.1
Project("{2150E333-8FDC-42A3-9474-1A3956D46DE8}") = "0-References", "0-References", "{B2A0F097-2C82-4CFD-9790-C9D917661AE8}"
EndProject
Project("{2150E333-8FDC-42A3-9474-1A3956D46DE8}") = "1-Foundation", "1-Foundation", "{69622A1E-6B8B-4427-9E69-9B18416DE85C}"
EndProject
Project("{2150E333-8FDC-42A3-9474-1A3956D46DE8}") = "9-Extensions", "9-Extensions", "{5E2732EE-AD2A-4C99-A92F-C00DE0D49044}"
EndProject
Project("{9A19103F-16F7-4668-BE54-9A1E7A4F7556}") = "Lever", "1-Foundation\Lever\Lever.csproj", "{F94D4199-7B83-45AA-B744-3F151FC77453}"
EndProject
Project("{FAE04EC0-301F-11D3-BF4B-00C04F79EFBC}") = "Lever.VisualStudioExtensions", "9-Extensions\Lever.VisualStudioExtensions\Lever.VisualStudioExtensions.csproj", "{73C1A72D-AABB-4A38-9C3D-6F7CF412823A}"
EndProject
Project("{2150E333-8FDC-42A3-9474-1A3956D46DE8}") = "ItemTemplates", "ItemTemplates", "{7B48A080-ABAD-43EF-8BB5-5324273CDF9C}"
EndProject
Project("{FAE04EC0-301F-11D3-BF4B-00C04F79EFBC}") = "SingletonClass", "9-Extensions\ItemTemplates\SingletonClass\SingletonClass.csproj", "{F849CE13-C391-45BC-9F73-E066AF419568}"
EndProject
Project("{FAE04EC0-301F-11D3-BF4B-00C04F79EFBC}") = "EF6DbContextConfig", "9-Extensions\ItemTemplates\EF6DbContextConfig\EF6DbContextConfig.csproj", "{5E3000BF-B975-4D33-92DE-8616DDC7C209}"
EndProject
Project("{FAE04EC0-301F-11D3-BF4B-00C04F79EFBC}") = "EFCoreDbContextConfig", "9-Extensions\ItemTemplates\EFCoreDbContextConfig\EFCoreDbContextConfig.csproj", "{FAA9BDF1-952D-4608-B6FF-1F36F0E7572C}"
EndProject
Project("{FAE04EC0-301F-11D3-BF4B-00C04F79EFBC}") = "ServiceManagerClass", "9-Extensions\ItemTemplates\ServiceManagerClass\ServiceManagerClass.csproj", "{74F983CC-F882-451B-BC77-B0973334108E}"
EndProject
Project("{FAE04EC0-301F-11D3-BF4B-00C04F79EFBC}") = "SyncDatabaseExcel", "9-Extensions\ItemTemplates\SyncDatabaseExcel\SyncDatabaseExcel.csproj", "{1270CBE4-B1DD-4EF4-B211-BB86CE999534}"
EndProject
Project("{FAE04EC0-301F-11D3-BF4B-00C04F79EFBC}") = "GenerateXUnitTestDataExcel", "9-Extensions\ItemTemplates\GenerateXUnitTestDataExcel\GenerateXUnitTestDataExcel.csproj", "{9FBC3488-06B3-4122-A45D-762EBCA840D2}"
EndProject
Project("{FAE04EC0-301F-11D3-BF4B-00C04F79EFBC}") = "GenerateLanguagesExcel", "9-Extensions\ItemTemplates\GenerateLanguagesExcel\GenerateLanguagesExcel.csproj", "{0585750C-0159-44F0-B5F3-F8495B09223E}"
EndProject
Global
	GlobalSection(SolutionConfigurationPlatforms) = preSolution
		Debug|Any CPU = Debug|Any CPU
		Release|Any CPU = Release|Any CPU
	EndGlobalSection
	GlobalSection(ProjectConfigurationPlatforms) = postSolution
		{F94D4199-7B83-45AA-B744-3F151FC77453}.Debug|Any CPU.ActiveCfg = Debug|Any CPU
		{F94D4199-7B83-45AA-B744-3F151FC77453}.Debug|Any CPU.Build.0 = Debug|Any CPU
		{F94D4199-7B83-45AA-B744-3F151FC77453}.Release|Any CPU.ActiveCfg = Release|Any CPU
		{F94D4199-7B83-45AA-B744-3F151FC77453}.Release|Any CPU.Build.0 = Release|Any CPU
		{73C1A72D-AABB-4A38-9C3D-6F7CF412823A}.Debug|Any CPU.ActiveCfg = Debug|Any CPU
		{73C1A72D-AABB-4A38-9C3D-6F7CF412823A}.Debug|Any CPU.Build.0 = Debug|Any CPU
		{73C1A72D-AABB-4A38-9C3D-6F7CF412823A}.Release|Any CPU.ActiveCfg = Release|Any CPU
		{73C1A72D-AABB-4A38-9C3D-6F7CF412823A}.Release|Any CPU.Build.0 = Release|Any CPU
		{F849CE13-C391-45BC-9F73-E066AF419568}.Debug|Any CPU.ActiveCfg = Debug|Any CPU
		{F849CE13-C391-45BC-9F73-E066AF419568}.Debug|Any CPU.Build.0 = Debug|Any CPU
		{F849CE13-C391-45BC-9F73-E066AF419568}.Release|Any CPU.ActiveCfg = Release|Any CPU
		{F849CE13-C391-45BC-9F73-E066AF419568}.Release|Any CPU.Build.0 = Release|Any CPU
		{5E3000BF-B975-4D33-92DE-8616DDC7C209}.Debug|Any CPU.ActiveCfg = Debug|Any CPU
		{5E3000BF-B975-4D33-92DE-8616DDC7C209}.Debug|Any CPU.Build.0 = Debug|Any CPU
		{5E3000BF-B975-4D33-92DE-8616DDC7C209}.Release|Any CPU.ActiveCfg = Release|Any CPU
		{5E3000BF-B975-4D33-92DE-8616DDC7C209}.Release|Any CPU.Build.0 = Release|Any CPU
		{FAA9BDF1-952D-4608-B6FF-1F36F0E7572C}.Debug|Any CPU.ActiveCfg = Debug|Any CPU
		{FAA9BDF1-952D-4608-B6FF-1F36F0E7572C}.Debug|Any CPU.Build.0 = Debug|Any CPU
		{FAA9BDF1-952D-4608-B6FF-1F36F0E7572C}.Release|Any CPU.ActiveCfg = Release|Any CPU
		{FAA9BDF1-952D-4608-B6FF-1F36F0E7572C}.Release|Any CPU.Build.0 = Release|Any CPU
		{74F983CC-F882-451B-BC77-B0973334108E}.Debug|Any CPU.ActiveCfg = Debug|Any CPU
		{74F983CC-F882-451B-BC77-B0973334108E}.Debug|Any CPU.Build.0 = Debug|Any CPU
		{74F983CC-F882-451B-BC77-B0973334108E}.Release|Any CPU.ActiveCfg = Release|Any CPU
		{74F983CC-F882-451B-BC77-B0973334108E}.Release|Any CPU.Build.0 = Release|Any CPU
		{1270CBE4-B1DD-4EF4-B211-BB86CE999534}.Debug|Any CPU.ActiveCfg = Debug|Any CPU
		{1270CBE4-B1DD-4EF4-B211-BB86CE999534}.Debug|Any CPU.Build.0 = Debug|Any CPU
		{1270CBE4-B1DD-4EF4-B211-BB86CE999534}.Release|Any CPU.ActiveCfg = Release|Any CPU
		{1270CBE4-B1DD-4EF4-B211-BB86CE999534}.Release|Any CPU.Build.0 = Release|Any CPU
		{9FBC3488-06B3-4122-A45D-762EBCA840D2}.Debug|Any CPU.ActiveCfg = Debug|Any CPU
		{9FBC3488-06B3-4122-A45D-762EBCA840D2}.Debug|Any CPU.Build.0 = Debug|Any CPU
		{9FBC3488-06B3-4122-A45D-762EBCA840D2}.Release|Any CPU.ActiveCfg = Release|Any CPU
		{9FBC3488-06B3-4122-A45D-762EBCA840D2}.Release|Any CPU.Build.0 = Release|Any CPU
		{0585750C-0159-44F0-B5F3-F8495B09223E}.Debug|Any CPU.ActiveCfg = Debug|Any CPU
		{0585750C-0159-44F0-B5F3-F8495B09223E}.Debug|Any CPU.Build.0 = Debug|Any CPU
		{0585750C-0159-44F0-B5F3-F8495B09223E}.Release|Any CPU.ActiveCfg = Release|Any CPU
		{0585750C-0159-44F0-B5F3-F8495B09223E}.Release|Any CPU.Build.0 = Release|Any CPU
	EndGlobalSection
	GlobalSection(SolutionProperties) = preSolution
		HideSolutionNode = FALSE
	EndGlobalSection
	GlobalSection(NestedProjects) = preSolution
		{F94D4199-7B83-45AA-B744-3F151FC77453} = {69622A1E-6B8B-4427-9E69-9B18416DE85C}
		{73C1A72D-AABB-4A38-9C3D-6F7CF412823A} = {5E2732EE-AD2A-4C99-A92F-C00DE0D49044}
		{7B48A080-ABAD-43EF-8BB5-5324273CDF9C} = {5E2732EE-AD2A-4C99-A92F-C00DE0D49044}
		{F849CE13-C391-45BC-9F73-E066AF419568} = {7B48A080-ABAD-43EF-8BB5-5324273CDF9C}
		{5E3000BF-B975-4D33-92DE-8616DDC7C209} = {7B48A080-ABAD-43EF-8BB5-5324273CDF9C}
		{FAA9BDF1-952D-4608-B6FF-1F36F0E7572C} = {7B48A080-ABAD-43EF-8BB5-5324273CDF9C}
		{74F983CC-F882-451B-BC77-B0973334108E} = {7B48A080-ABAD-43EF-8BB5-5324273CDF9C}
		{1270CBE4-B1DD-4EF4-B211-BB86CE999534} = {7B48A080-ABAD-43EF-8BB5-5324273CDF9C}
		{9FBC3488-06B3-4122-A45D-762EBCA840D2} = {7B48A080-ABAD-43EF-8BB5-5324273CDF9C}
		{0585750C-0159-44F0-B5F3-F8495B09223E} = {7B48A080-ABAD-43EF-8BB5-5324273CDF9C}
	EndGlobalSection
	GlobalSection(ExtensibilityGlobals) = postSolution
		SolutionGuid = {11A517FE-3D4E-446F-946E-D35301B721BA}
	EndGlobalSection
EndGlobal
